
Microsoft Visual Studio Solution File, Format Version 12.00
# Visual Studio 15
Project("{FAE04EC0-301F-11D3-BF4B-00C04F79EFBC}") = "Assembly-CSharp", "Assembly-CSharp.csproj", "{C03699E4-BBDE-8CD7-91AB-0ACA48466693}"
EndProject
Project("{FAE04EC0-301F-11D3-BF4B-00C04F79EFBC}") = "Assembly-CSharp-firstpass", "Assembly-CSharp-firstpass.csproj", "{F9634DFD-D015-C0D1-A9C4-70934A3F48B0}"
EndProject
Global
	GlobalSection(SolutionConfigurationPlatforms) = preSolution
		Debug|Any CPU = Debug|Any CPU
		Release|Any CPU = Release|Any CPU
	EndGlobalSection
	GlobalSection(ProjectConfigurationPlatforms) = postSolution
		{C03699E4-BBDE-8CD7-91AB-0ACA48466693}.Debug|Any CPU.ActiveCfg = Debug|Any CPU
		{C03699E4-BBDE-8CD7-91AB-0ACA48466693}.Debug|Any CPU.Build.0 = Debug|Any CPU
		{C03699E4-BBDE-8CD7-91AB-0ACA48466693}.Release|Any CPU.ActiveCfg = Release|Any CPU
		{C03699E4-BBDE-8CD7-91AB-0ACA48466693}.Release|Any CPU.Build.0 = Release|Any CPU
		{F9634DFD-D015-C0D1-A9C4-70934A3F48B0}.Debug|Any CPU.ActiveCfg = Debug|Any CPU
		{F9634DFD-D015-C0D1-A9C4-70934A3F48B0}.Debug|Any CPU.Build.0 = Debug|Any CPU
		{F9634DFD-D015-C0D1-A9C4-70934A3F48B0}.Release|Any CPU.ActiveCfg = Release|Any CPU
		{F9634DFD-D015-C0D1-A9C4-70934A3F48B0}.Release|Any CPU.Build.0 = Release|Any CPU
	EndGlobalSection
	GlobalSection(SolutionProperties) = preSolution
		HideSolutionNode = FALSE
	EndGlobalSection
EndGlobal
